{
    "_readme": [
        "This file locks the dependencies of your project to a known state",
        "Read more about it at https://getcomposer.org/doc/01-basic-usage.md#installing-dependencies",
        "This file is @generated automatically"
    ],
    "content-hash": "a5e73658142827db977f1fc73ae4c7a3",
    "packages": [
        {
            "name": "limbonia/limbonia-result",
            "version": "1.0.1",
            "source": {
                "type": "git",
                "url": "https://github.com/limboniatech/limbonia-result.git",
                "reference": "12b6229d7ff6bbce8a3f66816551495343e8575e"
            },
            "dist": {
                "type": "zip",
                "url": "https://api.github.com/repos/limboniatech/limbonia-result/zipball/12b6229d7ff6bbce8a3f66816551495343e8575e",
                "reference": "12b6229d7ff6bbce8a3f66816551495343e8575e",
                "shasum": ""
            },
            "require": {
                "php": "^7.2"
            },
            "type": "library",
            "autoload": {
                "psr-4": {
                    "Limbonia\\": "lib/"
                }
            },
            "notification-url": "https://packagist.org/downloads/",
            "license": [
                "BSD-3-Clause"
            ],
            "authors": [
                {
                    "name": "Lonnie Blansett",
                    "email": "lonnie@limbonia.tech"
                }
            ],
            "description": "This is the Limbonia Result library",
            "time": "2019-10-25T05:27:14+00:00"
        }
    ],
    "packages-dev": [],
    "aliases": [],
    "minimum-stability": "stable",
    "stability-flags": [],
    "prefer-stable": false,
    "prefer-lowest": false,
    "platform": {
        "php": "^7.2"
    },
    "platform-dev": []
}
